
Microsoft Visual Studio Solution File, Format Version 12.00
# Visual Studio Version 16
VisualStudioVersion = 16.0.30523.141
MinimumVisualStudioVersion = 10.0.40219.1
Project("{2150E333-8FDC-42A3-9474-1A3956D46DE8}") = "Array", "Array", "{22329EAD-5872-40E5-914A-DE66C47ECB92}"
EndProject
Project("{FAE04EC0-301F-11D3-BF4B-00C04F79EFBC}") = "Array_Ex1", "Array_Ex1\Array_Ex1.csproj", "{5182BB60-E53B-4C95-ADA9-6FD6BD548264}"
EndProject
Project("{FAE04EC0-301F-11D3-BF4B-00C04F79EFBC}") = "Array_Ex2_DuplicateRemove", "Array_Ex2_DuplicateRemove\Array_Ex2_DuplicateRemove.csproj", "{23F18B34-2FCF-49EA-AA84-4B05C88618C9}"
EndProject
Global
	GlobalSection(SolutionConfigurationPlatforms) = preSolution
		Debug|Any CPU = Debug|Any CPU
		Release|Any CPU = Release|Any CPU
	EndGlobalSection
	GlobalSection(ProjectConfigurationPlatforms) = postSolution
		{5182BB60-E53B-4C95-ADA9-6FD6BD548264}.Debug|Any CPU.ActiveCfg = Debug|Any CPU
		{5182BB60-E53B-4C95-ADA9-6FD6BD548264}.Debug|Any CPU.Build.0 = Debug|Any CPU
		{5182BB60-E53B-4C95-ADA9-6FD6BD548264}.Release|Any CPU.ActiveCfg = Release|Any CPU
		{5182BB60-E53B-4C95-ADA9-6FD6BD548264}.Release|Any CPU.Build.0 = Release|Any CPU
		{23F18B34-2FCF-49EA-AA84-4B05C88618C9}.Debug|Any CPU.ActiveCfg = Debug|Any CPU
		{23F18B34-2FCF-49EA-AA84-4B05C88618C9}.Debug|Any CPU.Build.0 = Debug|Any CPU
		{23F18B34-2FCF-49EA-AA84-4B05C88618C9}.Release|Any CPU.ActiveCfg = Release|Any CPU
		{23F18B34-2FCF-49EA-AA84-4B05C88618C9}.Release|Any CPU.Build.0 = Release|Any CPU
	EndGlobalSection
	GlobalSection(SolutionProperties) = preSolution
		HideSolutionNode = FALSE
	EndGlobalSection
	GlobalSection(NestedProjects) = preSolution
		{5182BB60-E53B-4C95-ADA9-6FD6BD548264} = {22329EAD-5872-40E5-914A-DE66C47ECB92}
		{23F18B34-2FCF-49EA-AA84-4B05C88618C9} = {22329EAD-5872-40E5-914A-DE66C47ECB92}
	EndGlobalSection
	GlobalSection(ExtensibilityGlobals) = postSolution
		SolutionGuid = {B56F131F-0BFD-4F93-81BD-80313160DCE7}
	EndGlobalSection
EndGlobal
